
Microsoft Visual Studio Solution File, Format Version 12.00
# Visual Studio Version 17
VisualStudioVersion = 17.0.31903.59
MinimumVisualStudioVersion = 10.0.40219.1
Project("{FAE04EC0-301F-11D3-BF4B-00C04F79EFBC}") = "Dominio", "Dominio\Dominio.csproj", "{7C544758-7F5F-40B0-9316-60C93D0160AA}"
EndProject
Project("{FAE04EC0-301F-11D3-BF4B-00C04F79EFBC}") = "Persistencia", "Persistencia\Persistencia.csproj", "{5428D89B-69CD-474E-9523-284897D68826}"
EndProject
Project("{FAE04EC0-301F-11D3-BF4B-00C04F79EFBC}") = "ApiIncidencias", "ApiIncidencias\ApiIncidencias.csproj", "{4A344833-E1BA-425B-AE82-0B82EAC74BAC}"
EndProject
Project("{FAE04EC0-301F-11D3-BF4B-00C04F79EFBC}") = "Aplicacion", "Aplicacion\Aplicacion.csproj", "{1E8AD21F-46D4-4426-A306-7B03138F4A97}"
EndProject
Global
	GlobalSection(SolutionConfigurationPlatforms) = preSolution
		Debug|Any CPU = Debug|Any CPU
		Release|Any CPU = Release|Any CPU
	EndGlobalSection
	GlobalSection(SolutionProperties) = preSolution
		HideSolutionNode = FALSE
	EndGlobalSection
	GlobalSection(ProjectConfigurationPlatforms) = postSolution
		{7C544758-7F5F-40B0-9316-60C93D0160AA}.Debug|Any CPU.ActiveCfg = Debug|Any CPU
		{7C544758-7F5F-40B0-9316-60C93D0160AA}.Debug|Any CPU.Build.0 = Debug|Any CPU
		{7C544758-7F5F-40B0-9316-60C93D0160AA}.Release|Any CPU.ActiveCfg = Release|Any CPU
		{7C544758-7F5F-40B0-9316-60C93D0160AA}.Release|Any CPU.Build.0 = Release|Any CPU
		{5428D89B-69CD-474E-9523-284897D68826}.Debug|Any CPU.ActiveCfg = Debug|Any CPU
		{5428D89B-69CD-474E-9523-284897D68826}.Debug|Any CPU.Build.0 = Debug|Any CPU
		{5428D89B-69CD-474E-9523-284897D68826}.Release|Any CPU.ActiveCfg = Release|Any CPU
		{5428D89B-69CD-474E-9523-284897D68826}.Release|Any CPU.Build.0 = Release|Any CPU
		{4A344833-E1BA-425B-AE82-0B82EAC74BAC}.Debug|Any CPU.ActiveCfg = Debug|Any CPU
		{4A344833-E1BA-425B-AE82-0B82EAC74BAC}.Debug|Any CPU.Build.0 = Debug|Any CPU
		{4A344833-E1BA-425B-AE82-0B82EAC74BAC}.Release|Any CPU.ActiveCfg = Release|Any CPU
		{4A344833-E1BA-425B-AE82-0B82EAC74BAC}.Release|Any CPU.Build.0 = Release|Any CPU
		{1E8AD21F-46D4-4426-A306-7B03138F4A97}.Debug|Any CPU.ActiveCfg = Debug|Any CPU
		{1E8AD21F-46D4-4426-A306-7B03138F4A97}.Debug|Any CPU.Build.0 = Debug|Any CPU
		{1E8AD21F-46D4-4426-A306-7B03138F4A97}.Release|Any CPU.ActiveCfg = Release|Any CPU
		{1E8AD21F-46D4-4426-A306-7B03138F4A97}.Release|Any CPU.Build.0 = Release|Any CPU
	EndGlobalSection
EndGlobal
